PODS:
  - AFNetworking (2.6.3):
    - AFNetworking/NSURLConnection (= 2.6.3)
    - AFNetworking/NSURLSession (= 2.6.3)
    - AFNetworking/Reachability (= 2.6.3)
    - AFNetworking/Security (= 2.6.3)
    - AFNetworking/Serialization (= 2.6.3)
    - AFNetworking/UIKit (= 2.6.3)
  - AFNetworking/NSURLConnection (2.6.3):
    - AFNetworking/Reachability
    - AFNetworking/Security
    - AFNetworking/Serialization
  - AFNetworking/NSURLSession (2.6.3):
    - AFNetworking/Reachability
    - AFNetworking/Security
    - AFNetworking/Serialization
  - AFNetworking/Reachability (2.6.3)
  - AFNetworking/Security (2.6.3)
  - AFNetworking/Serialization (2.6.3)
  - AFNetworking/UIKit (2.6.3):
    - AFNetworking/NSURLConnection
    - AFNetworking/NSURLSession
  - boost/math-includes (1.51.0a)
  - boost/numeric-includes (1.51.0a)
  - boost/pointer_cast-includes (1.51.0a)
  - boost/preprocessor-includes (1.51.0a)
  - boost/shared_ptr-includes (1.51.0a)
  - clipper (6.2.0)
  - eigen (3.1.2):
    - boost/numeric-includes
    - boost/preprocessor-includes
  - FMDB (2.5):
    - FMDB/standard (= 2.5)
  - FMDB/common (2.5)
  - FMDB/standard (2.5):
    - FMDB/common
  - glues (1.5)
  - GoogleProtobuf (2.5.0)
  - KissXML (5.0)
  - libjson (7.6.1)
  - proj4 (4.8.0)
  - shapelib (1.3)
  - SMCalloutView (2.1.2)
  - tinyxml (2.1.0)
  - WhirlyGlobe (2.3):
    - WhirlyGlobe/MaplyComponent (= 2.3)
  - WhirlyGlobe/Lib (2.3):
    - clipper
    - glues
    - libjson
    - proj4
    - shapelib
    - tinyxml
    - WhirlyGlobe/Lib-Headers
  - WhirlyGlobe/Lib-Headers (2.3):
    - boost/math-includes (= 1.51.0a)
    - boost/pointer_cast-includes (= 1.51.0a)
    - boost/shared_ptr-includes (= 1.51.0a)
    - eigen (= 3.1.2)
  - WhirlyGlobe/MaplyComponent (2.3):
    - AFNetworking
    - FMDB
    - GoogleProtobuf (= 2.5.0)
    - KissXML
    - SMCalloutView
    - WhirlyGlobe/Lib
    - WhirlyGlobe/MaplyComponent-Headers
  - WhirlyGlobe/MaplyComponent-Headers (2.3):
    - WhirlyGlobe/Lib-Headers
  - WhirlyGlobeResources (2.3)

DEPENDENCIES:
  - WhirlyGlobe (= 2.3)
  - WhirlyGlobeResources

SPEC CHECKSUMS:
  AFNetworking: cb8d14a848e831097108418f5d49217339d4eb60
  boost: a2cf67afefef2716c8603b6abe5c5d7a4a15c3da
  clipper: 8bfb1947afc2cc817b752e0e9a6fef27b11560e8
  eigen: b6c0b0fc3fd5a54ac681bda76bebe11487bb12fa
  FMDB: 96e8f1bcc1329e269330f99770ad4285d9003e52
  glues: f7d313786fbcb23018e2aa02417b00bd03d751b9
  GoogleProtobuf: abd6b526cf5b21031c132617c1f5aac93b44d44d
  KissXML: ce643413d618ad69886d0d43c3792b7dedfe476e
  libjson: 1a065ca64704a5d1b51c3754268998942d57ac6f
  proj4: 234525105d05a33b2ae9a90a6fe3935f7a246f7e
  shapelib: 70f767e1e6484b824bd9986613afb66cb16e9df4
  SMCalloutView: 4078d89b847731e514b1a919fed33b383a24a106
  tinyxml: 41d718babd106ac5d39d4e98b43c835d3b9080d8
  WhirlyGlobe: b8903464b0468482e2f78db159b21424cf645075
  WhirlyGlobeResources: d7b3e929e828f958a8477ff6797f962fdb165472

COCOAPODS: 0.39.0
