// !$*UTF8*$!
{
	archiveVersion = 1;
	classes = {
	};
	objectVersion = 46;
	objects = {

/* Begin PBXBuildFile section */
		893C56C2D8D943449EF55ED0 /* libPods.a in Frameworks */ = {isa = PBXBuildFile; fileRef = 4BD411238D5E4B14AE44B493 /* libPods.a */; };
		C08F6F8419B8F8DC00BCEAB2 /* WhirlyGlobe.h in Headers */ = {isa = PBXBuildFile; fileRef = C08F6F8319B8F8DC00BCEAB2 /* WhirlyGlobe.h */; settings = {ATTRIBUTES = (Public, ); }; };
		C08F6F8E19B8F8DC00BCEAB2 /* WhirlyGlobeTests.m in Sources */ = {isa = PBXBuildFile; fileRef = C08F6F8D19B8F8DC00BCEAB2 /* WhirlyGlobeTests.m */; };
		C08F6F9819B8FA7D00BCEAB2 /* CoreLocation.framework in Frameworks */ = {isa = PBXBuildFile; fileRef = C08F6F9719B8FA7D00BCEAB2 /* CoreLocation.framework */; };
		C08F71D619B901F300BCEAB2 /* MaplyActiveObject.h in Headers */ = {isa = PBXBuildFile; fileRef = C08F718519B901F300BCEAB2 /* MaplyActiveObject.h */; settings = {ATTRIBUTES = (Public, ); }; };
		C08F71D819B901F300BCEAB2 /* MaplyAnimationTestTileSource.h in Headers */ = {isa = PBXBuildFile; fileRef = C08F718719B901F300BCEAB2 /* MaplyAnimationTestTileSource.h */; settings = {ATTRIBUTES = (Public, ); }; };
		C08F71D919B901F300BCEAB2 /* MaplyAnnotation.h in Headers */ = {isa = PBXBuildFile; fileRef = C08F718819B901F300BCEAB2 /* MaplyAnnotation.h */; settings = {ATTRIBUTES = (Public, ); }; };
		C08F71DC19B901F300BCEAB2 /* MaplyBaseViewController.h in Headers */ = {isa = PBXBuildFile; fileRef = C08F718B19B901F300BCEAB2 /* MaplyBaseViewController.h */; settings = {ATTRIBUTES = (Public, ); }; };
		C08F71DE19B901F300BCEAB2 /* MaplyBillboard.h in Headers */ = {isa = PBXBuildFile; fileRef = C08F718D19B901F300BCEAB2 /* MaplyBillboard.h */; settings = {ATTRIBUTES = (Public, ); }; };
		C08F71E019B901F300BCEAB2 /* MaplyComponentObject.h in Headers */ = {isa = PBXBuildFile; fileRef = C08F718F19B901F300BCEAB2 /* MaplyComponentObject.h */; settings = {ATTRIBUTES = (Public, ); }; };
		C08F71E219B901F300BCEAB2 /* MaplyCoordinate.h in Headers */ = {isa = PBXBuildFile; fileRef = C08F719119B901F300BCEAB2 /* MaplyCoordinate.h */; settings = {ATTRIBUTES = (Public, ); }; };
		C08F71E319B901F300BCEAB2 /* MaplyCoordinateSystem.h in Headers */ = {isa = PBXBuildFile; fileRef = C08F719219B901F300BCEAB2 /* MaplyCoordinateSystem.h */; settings = {ATTRIBUTES = (Public, ); }; };
		C08F71E519B901F300BCEAB2 /* MaplyElevationDatabase.h in Headers */ = {isa = PBXBuildFile; fileRef = C08F719419B901F300BCEAB2 /* MaplyElevationDatabase.h */; settings = {ATTRIBUTES = (Public, ); }; };
		C08F71E619B901F300BCEAB2 /* MaplyElevationSource.h in Headers */ = {isa = PBXBuildFile; fileRef = C08F719519B901F300BCEAB2 /* MaplyElevationSource.h */; settings = {ATTRIBUTES = (Public, ); }; };
		C08F71E819B901F300BCEAB2 /* MaplyGDALRetileSource.h in Headers */ = {isa = PBXBuildFile; fileRef = C08F719719B901F300BCEAB2 /* MaplyGDALRetileSource.h */; settings = {ATTRIBUTES = (Public, ); }; };
		C08F71E919B901F300BCEAB2 /* MaplyIconManager.h in Headers */ = {isa = PBXBuildFile; fileRef = C08F719819B901F300BCEAB2 /* MaplyIconManager.h */; settings = {ATTRIBUTES = (Public, ); }; };
		C08F71EA19B901F300BCEAB2 /* MaplyImageTile.h in Headers */ = {isa = PBXBuildFile; fileRef = C08F719919B901F300BCEAB2 /* MaplyImageTile.h */; settings = {ATTRIBUTES = (Public, ); }; };
		C08F71ED19B901F300BCEAB2 /* MaplyLabel.h in Headers */ = {isa = PBXBuildFile; fileRef = C08F719C19B901F300BCEAB2 /* MaplyLabel.h */; settings = {ATTRIBUTES = (Public, ); }; };
		C08F71EE19B901F300BCEAB2 /* MaplyLight.h in Headers */ = {isa = PBXBuildFile; fileRef = C08F719D19B901F300BCEAB2 /* MaplyLight.h */; settings = {ATTRIBUTES = (Public, ); }; };
		C08F71EF19B901F300BCEAB2 /* MaplyMBTileSource.h in Headers */ = {isa = PBXBuildFile; fileRef = C08F719E19B901F300BCEAB2 /* MaplyMBTileSource.h */; settings = {ATTRIBUTES = (Public, ); }; };
		C08F71F019B901F300BCEAB2 /* MaplyMapnikVectorTiles.h in Headers */ = {isa = PBXBuildFile; fileRef = C08F719F19B901F300BCEAB2 /* MaplyMapnikVectorTiles.h */; settings = {ATTRIBUTES = (Public, ); }; };
		C08F71F119B901F300BCEAB2 /* MaplyMarker.h in Headers */ = {isa = PBXBuildFile; fileRef = C08F71A019B901F300BCEAB2 /* MaplyMarker.h */; settings = {ATTRIBUTES = (Public, ); }; };
		C08F71F219B901F300BCEAB2 /* MaplyMultiplexTileSource.h in Headers */ = {isa = PBXBuildFile; fileRef = C08F71A119B901F300BCEAB2 /* MaplyMultiplexTileSource.h */; settings = {ATTRIBUTES = (Public, ); }; };
		C08F71F319B901F300BCEAB2 /* MaplyPagingVectorTestTileSource.h in Headers */ = {isa = PBXBuildFile; fileRef = C08F71A219B901F300BCEAB2 /* MaplyPagingVectorTestTileSource.h */; settings = {ATTRIBUTES = (Public, ); }; };
		C08F71F419B901F300BCEAB2 /* MaplyQuadImageOfflineLayer.h in Headers */ = {isa = PBXBuildFile; fileRef = C08F71A319B901F300BCEAB2 /* MaplyQuadImageOfflineLayer.h */; settings = {ATTRIBUTES = (Public, ); }; };
		C08F71F519B901F300BCEAB2 /* MaplyQuadImageTilesLayer.h in Headers */ = {isa = PBXBuildFile; fileRef = C08F71A419B901F300BCEAB2 /* MaplyQuadImageTilesLayer.h */; settings = {ATTRIBUTES = (Public, ); }; };
		C08F71F719B901F300BCEAB2 /* MaplyQuadPagingLayer.h in Headers */ = {isa = PBXBuildFile; fileRef = C08F71A619B901F300BCEAB2 /* MaplyQuadPagingLayer.h */; settings = {ATTRIBUTES = (Public, ); }; };
		C08F71F919B901F400BCEAB2 /* MaplyRemoteTileSource.h in Headers */ = {isa = PBXBuildFile; fileRef = C08F71A819B901F300BCEAB2 /* MaplyRemoteTileSource.h */; settings = {ATTRIBUTES = (Public, ); }; };
		C08F71FB19B901F400BCEAB2 /* MaplyScreenLabel.h in Headers */ = {isa = PBXBuildFile; fileRef = C08F71AA19B901F300BCEAB2 /* MaplyScreenLabel.h */; settings = {ATTRIBUTES = (Public, ); }; };
		C08F71FC19B901F400BCEAB2 /* MaplyScreenMarker.h in Headers */ = {isa = PBXBuildFile; fileRef = C08F71AB19B901F300BCEAB2 /* MaplyScreenMarker.h */; settings = {ATTRIBUTES = (Public, ); }; };
		C08F71FD19B901F400BCEAB2 /* MaplyShader.h in Headers */ = {isa = PBXBuildFile; fileRef = C08F71AC19B901F300BCEAB2 /* MaplyShader.h */; settings = {ATTRIBUTES = (Public, ); }; };
		C08F71FF19B901F400BCEAB2 /* MaplyShape.h in Headers */ = {isa = PBXBuildFile; fileRef = C08F71AE19B901F300BCEAB2 /* MaplyShape.h */; settings = {ATTRIBUTES = (Public, ); }; };
		C08F720019B901F400BCEAB2 /* MaplySharedAttributes.h in Headers */ = {isa = PBXBuildFile; fileRef = C08F71AF19B901F300BCEAB2 /* MaplySharedAttributes.h */; settings = {ATTRIBUTES = (Public, ); }; };
		C08F720119B901F400BCEAB2 /* MaplySphericalQuadEarthWithTexGroup.h in Headers */ = {isa = PBXBuildFile; fileRef = C08F71B019B901F300BCEAB2 /* MaplySphericalQuadEarthWithTexGroup.h */; settings = {ATTRIBUTES = (Public, ); }; };
		C08F720319B901F400BCEAB2 /* MaplySticker.h in Headers */ = {isa = PBXBuildFile; fileRef = C08F71B219B901F300BCEAB2 /* MaplySticker.h */; settings = {ATTRIBUTES = (Public, ); }; };
		C08F720419B901F400BCEAB2 /* MaplyTexture.h in Headers */ = {isa = PBXBuildFile; fileRef = C08F71B319B901F300BCEAB2 /* MaplyTexture.h */; settings = {ATTRIBUTES = (Public, ); }; };
		C08F720519B901F400BCEAB2 /* MaplyTextureBuilder.h in Headers */ = {isa = PBXBuildFile; fileRef = C08F71B419B901F300BCEAB2 /* MaplyTextureBuilder.h */; settings = {ATTRIBUTES = (Public, ); }; };
		C08F720719B901F400BCEAB2 /* MaplyTileSource.h in Headers */ = {isa = PBXBuildFile; fileRef = C08F71B619B901F300BCEAB2 /* MaplyTileSource.h */; settings = {ATTRIBUTES = (Public, ); }; };
		C08F720A19B901F400BCEAB2 /* MaplyVectorObject.h in Headers */ = {isa = PBXBuildFile; fileRef = C08F71B919B901F300BCEAB2 /* MaplyVectorObject.h */; settings = {ATTRIBUTES = (Public, ); }; };
		C08F720D19B901F400BCEAB2 /* MaplyVectorStyle.h in Headers */ = {isa = PBXBuildFile; fileRef = C08F71BC19B901F300BCEAB2 /* MaplyVectorStyle.h */; settings = {ATTRIBUTES = (Public, ); }; };
		C08F720F19B901F400BCEAB2 /* MaplyVectorTiles.h in Headers */ = {isa = PBXBuildFile; fileRef = C08F71BE19B901F300BCEAB2 /* MaplyVectorTiles.h */; settings = {ATTRIBUTES = (Public, ); }; };
		C08F721019B901F400BCEAB2 /* MaplyViewController.h in Headers */ = {isa = PBXBuildFile; fileRef = C08F71BF19B901F300BCEAB2 /* MaplyViewController.h */; settings = {ATTRIBUTES = (Public, ); }; };
		C08F721119B901F500BCEAB2 /* MaplyViewControllerLayer.h in Headers */ = {isa = PBXBuildFile; fileRef = C08F71C019B901F300BCEAB2 /* MaplyViewControllerLayer.h */; settings = {ATTRIBUTES = (Public, ); }; };
		C08F721419B901F500BCEAB2 /* MaplyViewTracker.h in Headers */ = {isa = PBXBuildFile; fileRef = C08F71C319B901F300BCEAB2 /* MaplyViewTracker.h */; settings = {ATTRIBUTES = (Public, ); }; };
		C08F721519B901F500BCEAB2 /* MaplyWMSTileSource.h in Headers */ = {isa = PBXBuildFile; fileRef = C08F71C419B901F300BCEAB2 /* MaplyWMSTileSource.h */; settings = {ATTRIBUTES = (Public, ); }; };
		C08F721819B901F500BCEAB2 /* MapnikStyleSet.h in Headers */ = {isa = PBXBuildFile; fileRef = C08F71C719B901F300BCEAB2 /* MapnikStyleSet.h */; settings = {ATTRIBUTES = (Public, ); }; };
		C08F721E19B901F500BCEAB2 /* WGCoordinate.h in Headers */ = {isa = PBXBuildFile; fileRef = C08F71CD19B901F300BCEAB2 /* WGCoordinate.h */; settings = {ATTRIBUTES = (Public, ); }; };
		C08F722319B901F600BCEAB2 /* WhirlyGlobeViewController.h in Headers */ = {isa = PBXBuildFile; fileRef = C08F71D219B901F300BCEAB2 /* WhirlyGlobeViewController.h */; settings = {ATTRIBUTES = (Public, ); }; };
		C08F722819B9068A00BCEAB2 /* WhirlyGlobeViewController+Swift.h in Headers */ = {isa = PBXBuildFile; fileRef = C08F722619B9068A00BCEAB2 /* WhirlyGlobeViewController+Swift.h */; settings = {ATTRIBUTES = (Public, ); }; };
		C08F722919B9068A00BCEAB2 /* WhirlyGlobeViewController+Swift.m in Sources */ = {isa = PBXBuildFile; fileRef = C08F722719B9068A00BCEAB2 /* WhirlyGlobeViewController+Swift.m */; };
/* End PBXBuildFile section */

/* Begin PBXFileReference section */
		4BD411238D5E4B14AE44B493 /* libPods.a */ = {isa = PBXFileReference; explicitFileType = archive.ar; includeInIndex = 0; path = libPods.a; sourceTree = BUILT_PRODUCTS_DIR; };
		4D231D6A5DC4467BB6867224 /* Pods.xcconfig */ = {isa = PBXFileReference; includeInIndex = 1; lastKnownFileType = text.xcconfig; name = Pods.xcconfig; path = ../Pods/Pods.xcconfig; sourceTree = "<group>"; };
		C08F6F7E19B8F8DC00BCEAB2 /* WhirlyGlobe.framework */ = {isa = PBXFileReference; explicitFileType = wrapper.framework; includeInIndex = 0; path = WhirlyGlobe.framework; sourceTree = BUILT_PRODUCTS_DIR; };
		C08F6F8219B8F8DC00BCEAB2 /* Info.plist */ = {isa = PBXFileReference; lastKnownFileType = text.plist.xml; path = Info.plist; sourceTree = "<group>"; };
		C08F6F8319B8F8DC00BCEAB2 /* WhirlyGlobe.h */ = {isa = PBXFileReference; lastKnownFileType = sourcecode.c.h; path = WhirlyGlobe.h; sourceTree = "<group>"; };
		C08F6F8919B8F8DC00BCEAB2 /* WhirlyGlobeTests.xctest */ = {isa = PBXFileReference; explicitFileType = wrapper.cfbundle; includeInIndex = 0; path = WhirlyGlobeTests.xctest; sourceTree = BUILT_PRODUCTS_DIR; };
		C08F6F8C19B8F8DC00BCEAB2 /* Info.plist */ = {isa = PBXFileReference; lastKnownFileType = text.plist.xml; path = Info.plist; sourceTree = "<group>"; };
		C08F6F8D19B8F8DC00BCEAB2 /* WhirlyGlobeTests.m */ = {isa = PBXFileReference; lastKnownFileType = sourcecode.c.objc; path = WhirlyGlobeTests.m; sourceTree = "<group>"; };
		C08F6F9719B8FA7D00BCEAB2 /* CoreLocation.framework */ = {isa = PBXFileReference; lastKnownFileType = wrapper.framework; name = CoreLocation.framework; path = System/Library/Frameworks/CoreLocation.framework; sourceTree = SDKROOT; };
		C08F718519B901F300BCEAB2 /* MaplyActiveObject.h */ = {isa = PBXFileReference; lastKnownFileType = sourcecode.c.h; name = MaplyActiveObject.h; path = "../../Pods/WhirlyGlobe/WhirlyGlobeSrc/WhirlyGlobe-MaplyComponent/include/MaplyActiveObject.h"; sourceTree = "<group>"; };
		C08F718719B901F300BCEAB2 /* MaplyAnimationTestTileSource.h */ = {isa = PBXFileReference; lastKnownFileType = sourcecode.c.h; name = MaplyAnimationTestTileSource.h; path = "../../Pods/WhirlyGlobe/WhirlyGlobeSrc/WhirlyGlobe-MaplyComponent/include/MaplyAnimationTestTileSource.h"; sourceTree = "<group>"; };
		C08F718819B901F300BCEAB2 /* MaplyAnnotation.h */ = {isa = PBXFileReference; lastKnownFileType = sourcecode.c.h; name = MaplyAnnotation.h; path = "../../Pods/WhirlyGlobe/WhirlyGlobeSrc/WhirlyGlobe-MaplyComponent/include/MaplyAnnotation.h"; sourceTree = "<group>"; };
		C08F718B19B901F300BCEAB2 /* MaplyBaseViewController.h */ = {isa = PBXFileReference; lastKnownFileType = sourcecode.c.h; name = MaplyBaseViewController.h; path = "../../Pods/WhirlyGlobe/WhirlyGlobeSrc/WhirlyGlobe-MaplyComponent/include/MaplyBaseViewController.h"; sourceTree = "<group>"; };
		C08F718D19B901F300BCEAB2 /* MaplyBillboard.h */ = {isa = PBXFileReference; lastKnownFileType = sourcecode.c.h; name = MaplyBillboard.h; path = "../../Pods/WhirlyGlobe/WhirlyGlobeSrc/WhirlyGlobe-MaplyComponent/include/MaplyBillboard.h"; sourceTree = "<group>"; };
		C08F718F19B901F300BCEAB2 /* MaplyComponentObject.h */ = {isa = PBXFileReference; lastKnownFileType = sourcecode.c.h; name = MaplyComponentObject.h; path = "../../Pods/WhirlyGlobe/WhirlyGlobeSrc/WhirlyGlobe-MaplyComponent/include/MaplyComponentObject.h"; sourceTree = "<group>"; };
		C08F719119B901F300BCEAB2 /* MaplyCoordinate.h */ = {isa = PBXFileReference; lastKnownFileType = sourcecode.c.h; name = MaplyCoordinate.h; path = "../../Pods/WhirlyGlobe/WhirlyGlobeSrc/WhirlyGlobe-MaplyComponent/include/MaplyCoordinate.h"; sourceTree = "<group>"; };
		C08F719219B901F300BCEAB2 /* MaplyCoordinateSystem.h */ = {isa = PBXFileReference; lastKnownFileType = sourcecode.c.h; name = MaplyCoordinateSystem.h; path = "../../Pods/WhirlyGlobe/WhirlyGlobeSrc/WhirlyGlobe-MaplyComponent/include/MaplyCoordinateSystem.h"; sourceTree = "<group>"; };
		C08F719419B901F300BCEAB2 /* MaplyElevationDatabase.h */ = {isa = PBXFileReference; lastKnownFileType = sourcecode.c.h; name = MaplyElevationDatabase.h; path = "../../Pods/WhirlyGlobe/WhirlyGlobeSrc/WhirlyGlobe-MaplyComponent/include/MaplyElevationDatabase.h"; sourceTree = "<group>"; };
		C08F719519B901F300BCEAB2 /* MaplyElevationSource.h */ = {isa = PBXFileReference; lastKnownFileType = sourcecode.c.h; name = MaplyElevationSource.h; path = "../../Pods/WhirlyGlobe/WhirlyGlobeSrc/WhirlyGlobe-MaplyComponent/include/MaplyElevationSource.h"; sourceTree = "<group>"; };
		C08F719719B901F300BCEAB2 /* MaplyGDALRetileSource.h */ = {isa = PBXFileReference; lastKnownFileType = sourcecode.c.h; name = MaplyGDALRetileSource.h; path = "../../Pods/WhirlyGlobe/WhirlyGlobeSrc/WhirlyGlobe-MaplyComponent/include/MaplyGDALRetileSource.h"; sourceTree = "<group>"; };
		C08F719819B901F300BCEAB2 /* MaplyIconManager.h */ = {isa = PBXFileReference; lastKnownFileType = sourcecode.c.h; name = MaplyIconManager.h; path = "../../Pods/WhirlyGlobe/WhirlyGlobeSrc/WhirlyGlobe-MaplyComponent/include/MaplyIconManager.h"; sourceTree = "<group>"; };
		C08F719919B901F300BCEAB2 /* MaplyImageTile.h */ = {isa = PBXFileReference; lastKnownFileType = sourcecode.c.h; name = MaplyImageTile.h; path = "../../Pods/WhirlyGlobe/WhirlyGlobeSrc/WhirlyGlobe-MaplyComponent/include/MaplyImageTile.h"; sourceTree = "<group>"; };
		C08F719C19B901F300BCEAB2 /* MaplyLabel.h */ = {isa = PBXFileReference; lastKnownFileType = sourcecode.c.h; name = MaplyLabel.h; path = "../../Pods/WhirlyGlobe/WhirlyGlobeSrc/WhirlyGlobe-MaplyComponent/include/MaplyLabel.h"; sourceTree = "<group>"; };
		C08F719D19B901F300BCEAB2 /* MaplyLight.h */ = {isa = PBXFileReference; lastKnownFileType = sourcecode.c.h; name = MaplyLight.h; path = "../../Pods/WhirlyGlobe/WhirlyGlobeSrc/WhirlyGlobe-MaplyComponent/include/MaplyLight.h"; sourceTree = "<group>"; };
		C08F719E19B901F300BCEAB2 /* MaplyMBTileSource.h */ = {isa = PBXFileReference; lastKnownFileType = sourcecode.c.h; name = MaplyMBTileSource.h; path = "../../Pods/WhirlyGlobe/WhirlyGlobeSrc/WhirlyGlobe-MaplyComponent/include/MaplyMBTileSource.h"; sourceTree = "<group>"; };
		C08F719F19B901F300BCEAB2 /* MaplyMapnikVectorTiles.h */ = {isa = PBXFileReference; lastKnownFileType = sourcecode.c.h; name = MaplyMapnikVectorTiles.h; path = "../../Pods/WhirlyGlobe/WhirlyGlobeSrc/WhirlyGlobe-MaplyComponent/include/MaplyMapnikVectorTiles.h"; sourceTree = "<group>"; };
		C08F71A019B901F300BCEAB2 /* MaplyMarker.h */ = {isa = PBXFileReference; lastKnownFileType = sourcecode.c.h; name = MaplyMarker.h; path = "../../Pods/WhirlyGlobe/WhirlyGlobeSrc/WhirlyGlobe-MaplyComponent/include/MaplyMarker.h"; sourceTree = "<group>"; };
		C08F71A119B901F300BCEAB2 /* MaplyMultiplexTileSource.h */ = {isa = PBXFileReference; lastKnownFileType = sourcecode.c.h; name = MaplyMultiplexTileSource.h; path = "../../Pods/WhirlyGlobe/WhirlyGlobeSrc/WhirlyGlobe-MaplyComponent/include/MaplyMultiplexTileSource.h"; sourceTree = "<group>"; };
		C08F71A219B901F300BCEAB2 /* MaplyPagingVectorTestTileSource.h */ = {isa = PBXFileReference; lastKnownFileType = sourcecode.c.h; name = MaplyPagingVectorTestTileSource.h; path = "../../Pods/WhirlyGlobe/WhirlyGlobeSrc/WhirlyGlobe-MaplyComponent/include/MaplyPagingVectorTestTileSource.h"; sourceTree = "<group>"; };
		C08F71A319B901F300BCEAB2 /* MaplyQuadImageOfflineLayer.h */ = {isa = PBXFileReference; lastKnownFileType = sourcecode.c.h; name = MaplyQuadImageOfflineLayer.h; path = "../../Pods/WhirlyGlobe/WhirlyGlobeSrc/WhirlyGlobe-MaplyComponent/include/MaplyQuadImageOfflineLayer.h"; sourceTree = "<group>"; };
		C08F71A419B901F300BCEAB2 /* MaplyQuadImageTilesLayer.h */ = {isa = PBXFileReference; lastKnownFileType = sourcecode.c.h; name = MaplyQuadImageTilesLayer.h; path = "../../Pods/WhirlyGlobe/WhirlyGlobeSrc/WhirlyGlobe-MaplyComponent/include/MaplyQuadImageTilesLayer.h"; sourceTree = "<group>"; };
		C08F71A619B901F300BCEAB2 /* MaplyQuadPagingLayer.h */ = {isa = PBXFileReference; lastKnownFileType = sourcecode.c.h; name = MaplyQuadPagingLayer.h; path = "../../Pods/WhirlyGlobe/WhirlyGlobeSrc/WhirlyGlobe-MaplyComponent/include/MaplyQuadPagingLayer.h"; sourceTree = "<group>"; };
		C08F71A819B901F300BCEAB2 /* MaplyRemoteTileSource.h */ = {isa = PBXFileReference; lastKnownFileType = sourcecode.c.h; name = MaplyRemoteTileSource.h; path = "../../Pods/WhirlyGlobe/WhirlyGlobeSrc/WhirlyGlobe-MaplyComponent/include/MaplyRemoteTileSource.h"; sourceTree = "<group>"; };
		C08F71AA19B901F300BCEAB2 /* MaplyScreenLabel.h */ = {isa = PBXFileReference; lastKnownFileType = sourcecode.c.h; name = MaplyScreenLabel.h; path = "../../Pods/WhirlyGlobe/WhirlyGlobeSrc/WhirlyGlobe-MaplyComponent/include/MaplyScreenLabel.h"; sourceTree = "<group>"; };
		C08F71AB19B901F300BCEAB2 /* MaplyScreenMarker.h */ = {isa = PBXFileReference; lastKnownFileType = sourcecode.c.h; name = MaplyScreenMarker.h; path = "../../Pods/WhirlyGlobe/WhirlyGlobeSrc/WhirlyGlobe-MaplyComponent/include/MaplyScreenMarker.h"; sourceTree = "<group>"; };
		C08F71AC19B901F300BCEAB2 /* MaplyShader.h */ = {isa = PBXFileReference; lastKnownFileType = sourcecode.c.h; name = MaplyShader.h; path = "../../Pods/WhirlyGlobe/WhirlyGlobeSrc/WhirlyGlobe-MaplyComponent/include/MaplyShader.h"; sourceTree = "<group>"; };
		C08F71AE19B901F300BCEAB2 /* MaplyShape.h */ = {isa = PBXFileReference; lastKnownFileType = sourcecode.c.h; name = MaplyShape.h; path = "../../Pods/WhirlyGlobe/WhirlyGlobeSrc/WhirlyGlobe-MaplyComponent/include/MaplyShape.h"; sourceTree = "<group>"; };
		C08F71AF19B901F300BCEAB2 /* MaplySharedAttributes.h */ = {isa = PBXFileReference; lastKnownFileType = sourcecode.c.h; name = MaplySharedAttributes.h; path = "../../Pods/WhirlyGlobe/WhirlyGlobeSrc/WhirlyGlobe-MaplyComponent/include/MaplySharedAttributes.h"; sourceTree = "<group>"; };
		C08F71B019B901F300BCEAB2 /* MaplySphericalQuadEarthWithTexGroup.h */ = {isa = PBXFileReference; lastKnownFileType = sourcecode.c.h; name = MaplySphericalQuadEarthWithTexGroup.h; path = "../../Pods/WhirlyGlobe/WhirlyGlobeSrc/WhirlyGlobe-MaplyComponent/include/MaplySphericalQuadEarthWithTexGroup.h"; sourceTree = "<group>"; };
		C08F71B219B901F300BCEAB2 /* MaplySticker.h */ = {isa = PBXFileReference; lastKnownFileType = sourcecode.c.h; name = MaplySticker.h; path = "../../Pods/WhirlyGlobe/WhirlyGlobeSrc/WhirlyGlobe-MaplyComponent/include/MaplySticker.h"; sourceTree = "<group>"; };
		C08F71B319B901F300BCEAB2 /* MaplyTexture.h */ = {isa = PBXFileReference; lastKnownFileType = sourcecode.c.h; name = MaplyTexture.h; path = "../../Pods/WhirlyGlobe/WhirlyGlobeSrc/WhirlyGlobe-MaplyComponent/include/MaplyTexture.h"; sourceTree = "<group>"; };
		C08F71B419B901F300BCEAB2 /* MaplyTextureBuilder.h */ = {isa = PBXFileReference; lastKnownFileType = sourcecode.c.h; name = MaplyTextureBuilder.h; path = "../../Pods/WhirlyGlobe/WhirlyGlobeSrc/WhirlyGlobe-MaplyComponent/include/MaplyTextureBuilder.h"; sourceTree = "<group>"; };
		C08F71B619B901F300BCEAB2 /* MaplyTileSource.h */ = {isa = PBXFileReference; lastKnownFileType = sourcecode.c.h; name = MaplyTileSource.h; path = "../../Pods/WhirlyGlobe/WhirlyGlobeSrc/WhirlyGlobe-MaplyComponent/include/MaplyTileSource.h"; sourceTree = "<group>"; };
		C08F71B919B901F300BCEAB2 /* MaplyVectorObject.h */ = {isa = PBXFileReference; lastKnownFileType = sourcecode.c.h; name = MaplyVectorObject.h; path = "../../Pods/WhirlyGlobe/WhirlyGlobeSrc/WhirlyGlobe-MaplyComponent/include/MaplyVectorObject.h"; sourceTree = "<group>"; };
		C08F71BC19B901F300BCEAB2 /* MaplyVectorStyle.h */ = {isa = PBXFileReference; lastKnownFileType = sourcecode.c.h; name = MaplyVectorStyle.h; path = "../../Pods/WhirlyGlobe/WhirlyGlobeSrc/WhirlyGlobe-MaplyComponent/include/MaplyVectorStyle.h"; sourceTree = "<group>"; };
		C08F71BE19B901F300BCEAB2 /* MaplyVectorTiles.h */ = {isa = PBXFileReference; lastKnownFileType = sourcecode.c.h; name = MaplyVectorTiles.h; path = "../../Pods/WhirlyGlobe/WhirlyGlobeSrc/WhirlyGlobe-MaplyComponent/include/MaplyVectorTiles.h"; sourceTree = "<group>"; };
		C08F71BF19B901F300BCEAB2 /* MaplyViewController.h */ = {isa = PBXFileReference; lastKnownFileType = sourcecode.c.h; name = MaplyViewController.h; path = "../../Pods/WhirlyGlobe/WhirlyGlobeSrc/WhirlyGlobe-MaplyComponent/include/MaplyViewController.h"; sourceTree = "<group>"; };
		C08F71C019B901F300BCEAB2 /* MaplyViewControllerLayer.h */ = {isa = PBXFileReference; lastKnownFileType = sourcecode.c.h; name = MaplyViewControllerLayer.h; path = "../../Pods/WhirlyGlobe/WhirlyGlobeSrc/WhirlyGlobe-MaplyComponent/include/MaplyViewControllerLayer.h"; sourceTree = "<group>"; };
		C08F71C319B901F300BCEAB2 /* MaplyViewTracker.h */ = {isa = PBXFileReference; lastKnownFileType = sourcecode.c.h; name = MaplyViewTracker.h; path = "../../Pods/WhirlyGlobe/WhirlyGlobeSrc/WhirlyGlobe-MaplyComponent/include/MaplyViewTracker.h"; sourceTree = "<group>"; };
		C08F71C419B901F300BCEAB2 /* MaplyWMSTileSource.h */ = {isa = PBXFileReference; lastKnownFileType = sourcecode.c.h; name = MaplyWMSTileSource.h; path = "../../Pods/WhirlyGlobe/WhirlyGlobeSrc/WhirlyGlobe-MaplyComponent/include/MaplyWMSTileSource.h"; sourceTree = "<group>"; };
		C08F71C719B901F300BCEAB2 /* MapnikStyleSet.h */ = {isa = PBXFileReference; lastKnownFileType = sourcecode.c.h; name = MapnikStyleSet.h; path = "../../Pods/WhirlyGlobe/WhirlyGlobeSrc/WhirlyGlobe-MaplyComponent/include/MapnikStyleSet.h"; sourceTree = "<group>"; };
		C08F71CD19B901F300BCEAB2 /* WGCoordinate.h */ = {isa = PBXFileReference; lastKnownFileType = sourcecode.c.h; name = WGCoordinate.h; path = "../../Pods/WhirlyGlobe/WhirlyGlobeSrc/WhirlyGlobe-MaplyComponent/include/WGCoordinate.h"; sourceTree = "<group>"; };
		C08F71D219B901F300BCEAB2 /* WhirlyGlobeViewController.h */ = {isa = PBXFileReference; lastKnownFileType = sourcecode.c.h; name = WhirlyGlobeViewController.h; path = "../../Pods/WhirlyGlobe/WhirlyGlobeSrc/WhirlyGlobe-MaplyComponent/include/WhirlyGlobeViewController.h"; sourceTree = "<group>"; };
		C08F722619B9068A00BCEAB2 /* WhirlyGlobeViewController+Swift.h */ = {isa = PBXFileReference; fileEncoding = 4; lastKnownFileType = sourcecode.c.h; path = "WhirlyGlobeViewController+Swift.h"; sourceTree = "<group>"; };
		C08F722719B9068A00BCEAB2 /* WhirlyGlobeViewController+Swift.m */ = {isa = PBXFileReference; fileEncoding = 4; lastKnownFileType = sourcecode.c.objc; path = "WhirlyGlobeViewController+Swift.m"; sourceTree = "<group>"; };
/* End PBXFileReference section */

/* Begin PBXFrameworksBuildPhase section */
		C08F6F7A19B8F8DC00BCEAB2 /* Frameworks */ = {
			isa = PBXFrameworksBuildPhase;
			buildActionMask = 2147483647;
			files = (
				893C56C2D8D943449EF55ED0 /* libPods.a in Frameworks */,
				C08F6F9819B8FA7D00BCEAB2 /* CoreLocation.framework in Frameworks */,
			);
			runOnlyForDeploymentPostprocessing = 0;
		};
		C08F6F8619B8F8DC00BCEAB2 /* Frameworks */ = {
			isa = PBXFrameworksBuildPhase;
			buildActionMask = 2147483647;
			files = (
			);
			runOnlyForDeploymentPostprocessing = 0;
		};
/* End PBXFrameworksBuildPhase section */

/* Begin PBXGroup section */
		B7049538DC324268843305CC /* Frameworks */ = {
			isa = PBXGroup;
			children = (
				C08F6F9719B8FA7D00BCEAB2 /* CoreLocation.framework */,
				4BD411238D5E4B14AE44B493 /* libPods.a */,
			);
			name = Frameworks;
			sourceTree = "<group>";
		};
		C08F6F7419B8F8DC00BCEAB2 = {
			isa = PBXGroup;
			children = (
				C08F6F8019B8F8DC00BCEAB2 /* WhirlyGlobe */,
				C08F6F8A19B8F8DC00BCEAB2 /* WhirlyGlobeTests */,
				C08F6F7F19B8F8DC00BCEAB2 /* Products */,
				4D231D6A5DC4467BB6867224 /* Pods.xcconfig */,
				B7049538DC324268843305CC /* Frameworks */,
			);
			sourceTree = "<group>";
		};
		C08F6F7F19B8F8DC00BCEAB2 /* Products */ = {
			isa = PBXGroup;
			children = (
				C08F6F7E19B8F8DC00BCEAB2 /* WhirlyGlobe.framework */,
				C08F6F8919B8F8DC00BCEAB2 /* WhirlyGlobeTests.xctest */,
			);
			name = Products;
			sourceTree = "<group>";
		};
		C08F6F8019B8F8DC00BCEAB2 /* WhirlyGlobe */ = {
			isa = PBXGroup;
			children = (
				C08F6F8319B8F8DC00BCEAB2 /* WhirlyGlobe.h */,
				C08F722619B9068A00BCEAB2 /* WhirlyGlobeViewController+Swift.h */,
				C08F722719B9068A00BCEAB2 /* WhirlyGlobeViewController+Swift.m */,
				C08F718519B901F300BCEAB2 /* MaplyActiveObject.h */,
				C08F718719B901F300BCEAB2 /* MaplyAnimationTestTileSource.h */,
				C08F718819B901F300BCEAB2 /* MaplyAnnotation.h */,
				C08F718B19B901F300BCEAB2 /* MaplyBaseViewController.h */,
				C08F718D19B901F300BCEAB2 /* MaplyBillboard.h */,
				C08F718F19B901F300BCEAB2 /* MaplyComponentObject.h */,
				C08F719119B901F300BCEAB2 /* MaplyCoordinate.h */,
				C08F719219B901F300BCEAB2 /* MaplyCoordinateSystem.h */,
				C08F719419B901F300BCEAB2 /* MaplyElevationDatabase.h */,
				C08F719519B901F300BCEAB2 /* MaplyElevationSource.h */,
				C08F719719B901F300BCEAB2 /* MaplyGDALRetileSource.h */,
				C08F719819B901F300BCEAB2 /* MaplyIconManager.h */,
				C08F719919B901F300BCEAB2 /* MaplyImageTile.h */,
				C08F719C19B901F300BCEAB2 /* MaplyLabel.h */,
				C08F719D19B901F300BCEAB2 /* MaplyLight.h */,
				C08F719E19B901F300BCEAB2 /* MaplyMBTileSource.h */,
				C08F719F19B901F300BCEAB2 /* MaplyMapnikVectorTiles.h */,
				C08F71A019B901F300BCEAB2 /* MaplyMarker.h */,
				C08F71A119B901F300BCEAB2 /* MaplyMultiplexTileSource.h */,
				C08F71A219B901F300BCEAB2 /* MaplyPagingVectorTestTileSource.h */,
				C08F71A319B901F300BCEAB2 /* MaplyQuadImageOfflineLayer.h */,
				C08F71A419B901F300BCEAB2 /* MaplyQuadImageTilesLayer.h */,
				C08F71A619B901F300BCEAB2 /* MaplyQuadPagingLayer.h */,
				C08F71A819B901F300BCEAB2 /* MaplyRemoteTileSource.h */,
				C08F71AA19B901F300BCEAB2 /* MaplyScreenLabel.h */,
				C08F71AB19B901F300BCEAB2 /* MaplyScreenMarker.h */,
				C08F71AC19B901F300BCEAB2 /* MaplyShader.h */,
				C08F71AE19B901F300BCEAB2 /* MaplyShape.h */,
				C08F71AF19B901F300BCEAB2 /* MaplySharedAttributes.h */,
				C08F71B019B901F300BCEAB2 /* MaplySphericalQuadEarthWithTexGroup.h */,
				C08F71B219B901F300BCEAB2 /* MaplySticker.h */,
				C08F71B319B901F300BCEAB2 /* MaplyTexture.h */,
				C08F71B419B901F300BCEAB2 /* MaplyTextureBuilder.h */,
				C08F71B619B901F300BCEAB2 /* MaplyTileSource.h */,
				C08F71B919B901F300BCEAB2 /* MaplyVectorObject.h */,
				C08F71BC19B901F300BCEAB2 /* MaplyVectorStyle.h */,
				C08F71BE19B901F300BCEAB2 /* MaplyVectorTiles.h */,
				C08F71BF19B901F300BCEAB2 /* MaplyViewController.h */,
				C08F71C019B901F300BCEAB2 /* MaplyViewControllerLayer.h */,
				C08F71C319B901F300BCEAB2 /* MaplyViewTracker.h */,
				C08F71C419B901F300BCEAB2 /* MaplyWMSTileSource.h */,
				C08F71C719B901F300BCEAB2 /* MapnikStyleSet.h */,
				C08F71CD19B901F300BCEAB2 /* WGCoordinate.h */,
				C08F71D219B901F300BCEAB2 /* WhirlyGlobeViewController.h */,
				C08F6F8119B8F8DC00BCEAB2 /* Supporting Files */,
			);
			path = WhirlyGlobe;
			sourceTree = "<group>";
		};
		C08F6F8119B8F8DC00BCEAB2 /* Supporting Files */ = {
			isa = PBXGroup;
			children = (
				C08F6F8219B8F8DC00BCEAB2 /* Info.plist */,
			);
			name = "Supporting Files";
			sourceTree = "<group>";
		};
		C08F6F8A19B8F8DC00BCEAB2 /* WhirlyGlobeTests */ = {
			isa = PBXGroup;
			children = (
				C08F6F8D19B8F8DC00BCEAB2 /* WhirlyGlobeTests.m */,
				C08F6F8B19B8F8DC00BCEAB2 /* Supporting Files */,
			);
			path = WhirlyGlobeTests;
			sourceTree = "<group>";
		};
		C08F6F8B19B8F8DC00BCEAB2 /* Supporting Files */ = {
			isa = PBXGroup;
			children = (
				C08F6F8C19B8F8DC00BCEAB2 /* Info.plist */,
			);
			name = "Supporting Files";
			sourceTree = "<group>";
		};
/* End PBXGroup section */

/* Begin PBXHeadersBuildPhase section */
		C08F6F7B19B8F8DC00BCEAB2 /* Headers */ = {
			isa = PBXHeadersBuildPhase;
			buildActionMask = 2147483647;
			files = (
				C08F6F8419B8F8DC00BCEAB2 /* WhirlyGlobe.h in Headers */,
				C08F722819B9068A00BCEAB2 /* WhirlyGlobeViewController+Swift.h in Headers */,
				C08F71D619B901F300BCEAB2 /* MaplyActiveObject.h in Headers */,
				C08F71D819B901F300BCEAB2 /* MaplyAnimationTestTileSource.h in Headers */,
				C08F71D919B901F300BCEAB2 /* MaplyAnnotation.h in Headers */,
				C08F71DC19B901F300BCEAB2 /* MaplyBaseViewController.h in Headers */,
				C08F71DE19B901F300BCEAB2 /* MaplyBillboard.h in Headers */,
				C08F71E019B901F300BCEAB2 /* MaplyComponentObject.h in Headers */,
				C08F71E219B901F300BCEAB2 /* MaplyCoordinate.h in Headers */,
				C08F71E319B901F300BCEAB2 /* MaplyCoordinateSystem.h in Headers */,
				C08F71E519B901F300BCEAB2 /* MaplyElevationDatabase.h in Headers */,
				C08F71E619B901F300BCEAB2 /* MaplyElevationSource.h in Headers */,
				C08F71E819B901F300BCEAB2 /* MaplyGDALRetileSource.h in Headers */,
				C08F71E919B901F300BCEAB2 /* MaplyIconManager.h in Headers */,
				C08F71EA19B901F300BCEAB2 /* MaplyImageTile.h in Headers */,
				C08F71ED19B901F300BCEAB2 /* MaplyLabel.h in Headers */,
				C08F71EE19B901F300BCEAB2 /* MaplyLight.h in Headers */,
				C08F71EF19B901F300BCEAB2 /* MaplyMBTileSource.h in Headers */,
				C08F71F019B901F300BCEAB2 /* MaplyMapnikVectorTiles.h in Headers */,
				C08F71F119B901F300BCEAB2 /* MaplyMarker.h in Headers */,
				C08F71F219B901F300BCEAB2 /* MaplyMultiplexTileSource.h in Headers */,
				C08F71F319B901F300BCEAB2 /* MaplyPagingVectorTestTileSource.h in Headers */,
				C08F71F419B901F300BCEAB2 /* MaplyQuadImageOfflineLayer.h in Headers */,
				C08F71F519B901F300BCEAB2 /* MaplyQuadImageTilesLayer.h in Headers */,
				C08F71F719B901F300BCEAB2 /* MaplyQuadPagingLayer.h in Headers */,
				C08F71F919B901F400BCEAB2 /* MaplyRemoteTileSource.h in Headers */,
				C08F71FB19B901F400BCEAB2 /* MaplyScreenLabel.h in Headers */,
				C08F71FC19B901F400BCEAB2 /* MaplyScreenMarker.h in Headers */,
				C08F71FD19B901F400BCEAB2 /* MaplyShader.h in Headers */,
				C08F71FF19B901F400BCEAB2 /* MaplyShape.h in Headers */,
				C08F720019B901F400BCEAB2 /* MaplySharedAttributes.h in Headers */,
				C08F720119B901F400BCEAB2 /* MaplySphericalQuadEarthWithTexGroup.h in Headers */,
				C08F720319B901F400BCEAB2 /* MaplySticker.h in Headers */,
				C08F720419B901F400BCEAB2 /* MaplyTexture.h in Headers */,
				C08F720519B901F400BCEAB2 /* MaplyTextureBuilder.h in Headers */,
				C08F720719B901F400BCEAB2 /* MaplyTileSource.h in Headers */,
				C08F720A19B901F400BCEAB2 /* MaplyVectorObject.h in Headers */,
				C08F720D19B901F400BCEAB2 /* MaplyVectorStyle.h in Headers */,
				C08F720F19B901F400BCEAB2 /* MaplyVectorTiles.h in Headers */,
				C08F721019B901F400BCEAB2 /* MaplyViewController.h in Headers */,
				C08F721119B901F500BCEAB2 /* MaplyViewControllerLayer.h in Headers */,
				C08F721419B901F500BCEAB2 /* MaplyViewTracker.h in Headers */,
				C08F721519B901F500BCEAB2 /* MaplyWMSTileSource.h in Headers */,
				C08F721819B901F500BCEAB2 /* MapnikStyleSet.h in Headers */,
				C08F721E19B901F500BCEAB2 /* WGCoordinate.h in Headers */,
				C08F722319B901F600BCEAB2 /* WhirlyGlobeViewController.h in Headers */,
			);
			runOnlyForDeploymentPostprocessing = 0;
		};
/* End PBXHeadersBuildPhase section */

/* Begin PBXNativeTarget section */
		C08F6F7D19B8F8DC00BCEAB2 /* WhirlyGlobe */ = {
			isa = PBXNativeTarget;
			buildConfigurationList = C08F6F9119B8F8DC00BCEAB2 /* Build configuration list for PBXNativeTarget "WhirlyGlobe" */;
			buildPhases = (
				2C16EA6E1A724DDF85ED6460 /* Check Pods Manifest.lock */,
				C08F6F7919B8F8DC00BCEAB2 /* Sources */,
				C08F6F7A19B8F8DC00BCEAB2 /* Frameworks */,
				C08F6F7B19B8F8DC00BCEAB2 /* Headers */,
				C08F6F7C19B8F8DC00BCEAB2 /* Resources */,
				17417DC1C73E45D4B20D7E08 /* Copy Pods Resources */,
			);
			buildRules = (
			);
			dependencies = (
			);
			name = WhirlyGlobe;
			productName = WhirlyGlobe;
			productReference = C08F6F7E19B8F8DC00BCEAB2 /* WhirlyGlobe.framework */;
			productType = "com.apple.product-type.framework";
		};
		C08F6F8819B8F8DC00BCEAB2 /* WhirlyGlobeTests */ = {
			isa = PBXNativeTarget;
			buildConfigurationList = C08F6F9419B8F8DC00BCEAB2 /* Build configuration list for PBXNativeTarget "WhirlyGlobeTests" */;
			buildPhases = (
				C08F6F8519B8F8DC00BCEAB2 /* Sources */,
				C08F6F8619B8F8DC00BCEAB2 /* Frameworks */,
				C08F6F8719B8F8DC00BCEAB2 /* Resources */,
			);
			buildRules = (
			);
			dependencies = (
			);
			name = WhirlyGlobeTests;
			productName = WhirlyGlobeTests;
			productReference = C08F6F8919B8F8DC00BCEAB2 /* WhirlyGlobeTests.xctest */;
			productType = "com.apple.product-type.bundle.unit-test";
		};
/* End PBXNativeTarget section */

/* Begin PBXProject section */
		C08F6F7519B8F8DC00BCEAB2 /* Project object */ = {
			isa = PBXProject;
			attributes = {
				LastUpgradeCheck = 0600;
				ORGANIZATIONNAME = "Moreira Consulting, Inc.";
				TargetAttributes = {
					C08F6F7D19B8F8DC00BCEAB2 = {
						CreatedOnToolsVersion = 6.0;
					};
					C08F6F8819B8F8DC00BCEAB2 = {
						CreatedOnToolsVersion = 6.0;
					};
				};
			};
			buildConfigurationList = C08F6F7819B8F8DC00BCEAB2 /* Build configuration list for PBXProject "WhirlyGlobe" */;
			compatibilityVersion = "Xcode 3.2";
			developmentRegion = English;
			hasScannedForEncodings = 0;
			knownRegions = (
				en,
			);
			mainGroup = C08F6F7419B8F8DC00BCEAB2;
			productRefGroup = C08F6F7F19B8F8DC00BCEAB2 /* Products */;
			projectDirPath = "";
			projectRoot = "";
			targets = (
				C08F6F7D19B8F8DC00BCEAB2 /* WhirlyGlobe */,
				C08F6F8819B8F8DC00BCEAB2 /* WhirlyGlobeTests */,
			);
		};
/* End PBXProject section */

/* Begin PBXResourcesBuildPhase section */
		C08F6F7C19B8F8DC00BCEAB2 /* Resources */ = {
			isa = PBXResourcesBuildPhase;
			buildActionMask = 2147483647;
			files = (
			);
			runOnlyForDeploymentPostprocessing = 0;
		};
		C08F6F8719B8F8DC00BCEAB2 /* Resources */ = {
			isa = PBXResourcesBuildPhase;
			buildActionMask = 2147483647;
			files = (
			);
			runOnlyForDeploymentPostprocessing = 0;
		};
/* End PBXResourcesBuildPhase section */

/* Begin PBXShellScriptBuildPhase section */
		17417DC1C73E45D4B20D7E08 /* Copy Pods Resources */ = {
			isa = PBXShellScriptBuildPhase;
			buildActionMask = 2147483647;
			files = (
			);
			inputPaths = (
			);
			name = "Copy Pods Resources";
			outputPaths = (
			);
			runOnlyForDeploymentPostprocessing = 0;
			shellPath = /bin/sh;
			shellScript = "\"${SRCROOT}/../Pods/Pods-resources.sh\"\n";
			showEnvVarsInLog = 0;
		};
		2C16EA6E1A724DDF85ED6460 /* Check Pods Manifest.lock */ = {
			isa = PBXShellScriptBuildPhase;
			buildActionMask = 2147483647;
			files = (
			);
			inputPaths = (
			);
			name = "Check Pods Manifest.lock";
			outputPaths = (
			);
			runOnlyForDeploymentPostprocessing = 0;
			shellPath = /bin/sh;
			shellScript = "diff \"${PODS_ROOT}/../Podfile.lock\" \"${PODS_ROOT}/Manifest.lock\" > /dev/null\nif [[ $? != 0 ]] ; then\n    cat << EOM\nerror: The sandbox is not in sync with the Podfile.lock. Run 'pod install' or update your CocoaPods installation.\nEOM\n    exit 1\nfi\n";
			showEnvVarsInLog = 0;
		};
/* End PBXShellScriptBuildPhase section */

/* Begin PBXSourcesBuildPhase section */
		C08F6F7919B8F8DC00BCEAB2 /* Sources */ = {
			isa = PBXSourcesBuildPhase;
			buildActionMask = 2147483647;
			files = (
				C08F722919B9068A00BCEAB2 /* WhirlyGlobeViewController+Swift.m in Sources */,
			);
			runOnlyForDeploymentPostprocessing = 0;
		};
		C08F6F8519B8F8DC00BCEAB2 /* Sources */ = {
			isa = PBXSourcesBuildPhase;
			buildActionMask = 2147483647;
			files = (
				C08F6F8E19B8F8DC00BCEAB2 /* WhirlyGlobeTests.m in Sources */,
			);
			runOnlyForDeploymentPostprocessing = 0;
		};
/* End PBXSourcesBuildPhase section */

/* Begin XCBuildConfiguration section */
		C08F6F8F19B8F8DC00BCEAB2 /* Debug */ = {
			isa = XCBuildConfiguration;
			buildSettings = {
				ALWAYS_SEARCH_USER_PATHS = NO;
				CLANG_CXX_LANGUAGE_STANDARD = "gnu++0x";
				CLANG_CXX_LIBRARY = "libc++";
				CLANG_ENABLE_MODULES = YES;
				CLANG_ENABLE_OBJC_ARC = YES;
				CLANG_WARN_BOOL_CONVERSION = YES;
				CLANG_WARN_CONSTANT_CONVERSION = YES;
				CLANG_WARN_DIRECT_OBJC_ISA_USAGE = YES_ERROR;
				CLANG_WARN_EMPTY_BODY = YES;
				CLANG_WARN_ENUM_CONVERSION = YES;
				CLANG_WARN_INT_CONVERSION = YES;
				CLANG_WARN_OBJC_ROOT_CLASS = YES_ERROR;
				CLANG_WARN_UNREACHABLE_CODE = YES;
				CLANG_WARN__DUPLICATE_METHOD_MATCH = YES;
				"CODE_SIGN_IDENTITY[sdk=iphoneos*]" = "iPhone Developer";
				COPY_PHASE_STRIP = NO;
				CURRENT_PROJECT_VERSION = 1;
				ENABLE_STRICT_OBJC_MSGSEND = YES;
				GCC_C_LANGUAGE_STANDARD = gnu99;
				GCC_DYNAMIC_NO_PIC = NO;
				GCC_OPTIMIZATION_LEVEL = 0;
				GCC_PREPROCESSOR_DEFINITIONS = (
					"DEBUG=1",
					"$(inherited)",
				);
				GCC_SYMBOLS_PRIVATE_EXTERN = NO;
				GCC_WARN_64_TO_32_BIT_CONVERSION = YES;
				GCC_WARN_ABOUT_RETURN_TYPE = YES_ERROR;
				GCC_WARN_UNDECLARED_SELECTOR = YES;
				GCC_WARN_UNINITIALIZED_AUTOS = YES_AGGRESSIVE;
				GCC_WARN_UNUSED_FUNCTION = YES;
				GCC_WARN_UNUSED_VARIABLE = YES;
				IPHONEOS_DEPLOYMENT_TARGET = 8.0;
				MTL_ENABLE_DEBUG_INFO = YES;
				ONLY_ACTIVE_ARCH = YES;
				SDKROOT = iphoneos;
				TARGETED_DEVICE_FAMILY = "1,2";
				VERSIONING_SYSTEM = "apple-generic";
				VERSION_INFO_PREFIX = "";
			};
			name = Debug;
		};
		C08F6F9019B8F8DC00BCEAB2 /* Release */ = {
			isa = XCBuildConfiguration;
			buildSettings = {
				ALWAYS_SEARCH_USER_PATHS = NO;
				CLANG_CXX_LANGUAGE_STANDARD = "gnu++0x";
				CLANG_CXX_LIBRARY = "libc++";
				CLANG_ENABLE_MODULES = YES;
				CLANG_ENABLE_OBJC_ARC = YES;
				CLANG_WARN_BOOL_CONVERSION = YES;
				CLANG_WARN_CONSTANT_CONVERSION = YES;
				CLANG_WARN_DIRECT_OBJC_ISA_USAGE = YES_ERROR;
				CLANG_WARN_EMPTY_BODY = YES;
				CLANG_WARN_ENUM_CONVERSION = YES;
				CLANG_WARN_INT_CONVERSION = YES;
				CLANG_WARN_OBJC_ROOT_CLASS = YES_ERROR;
				CLANG_WARN_UNREACHABLE_CODE = YES;
				CLANG_WARN__DUPLICATE_METHOD_MATCH = YES;
				"CODE_SIGN_IDENTITY[sdk=iphoneos*]" = "iPhone Developer";
				COPY_PHASE_STRIP = YES;
				CURRENT_PROJECT_VERSION = 1;
				ENABLE_NS_ASSERTIONS = NO;
				ENABLE_STRICT_OBJC_MSGSEND = YES;
				GCC_C_LANGUAGE_STANDARD = gnu99;
				GCC_WARN_64_TO_32_BIT_CONVERSION = YES;
				GCC_WARN_ABOUT_RETURN_TYPE = YES_ERROR;
				GCC_WARN_UNDECLARED_SELECTOR = YES;
				GCC_WARN_UNINITIALIZED_AUTOS = YES_AGGRESSIVE;
				GCC_WARN_UNUSED_FUNCTION = YES;
				GCC_WARN_UNUSED_VARIABLE = YES;
				IPHONEOS_DEPLOYMENT_TARGET = 8.0;
				MTL_ENABLE_DEBUG_INFO = NO;
				SDKROOT = iphoneos;
				TARGETED_DEVICE_FAMILY = "1,2";
				VALIDATE_PRODUCT = YES;
				VERSIONING_SYSTEM = "apple-generic";
				VERSION_INFO_PREFIX = "";
			};
			name = Release;
		};
		C08F6F9219B8F8DC00BCEAB2 /* Debug */ = {
			isa = XCBuildConfiguration;
			baseConfigurationReference = 4D231D6A5DC4467BB6867224 /* Pods.xcconfig */;
			buildSettings = {
				CLANG_ALLOW_NON_MODULAR_INCLUDES_IN_FRAMEWORK_MODULES = YES;
				CLANG_CXX_LANGUAGE_STANDARD = "compiler-default";
				DEFINES_MODULE = YES;
				DYLIB_COMPATIBILITY_VERSION = 1;
				DYLIB_CURRENT_VERSION = 1;
				DYLIB_INSTALL_NAME_BASE = "@rpath";
				GCC_C_LANGUAGE_STANDARD = "compiler-default";
				HEADER_SEARCH_PATHS = "$(inherited)";
				INFOPLIST_FILE = WhirlyGlobe/Info.plist;
				INSTALL_PATH = "$(LOCAL_LIBRARY_DIR)/Frameworks";
				LD_RUNPATH_SEARCH_PATHS = "$(inherited) @executable_path/Frameworks @loader_path/Frameworks";
				MODULE_NAME = WhirlyGlobe;
				OTHER_CFLAGS = "$(inherited)";
				OTHER_LDFLAGS = "$(inherited)";
				PRODUCT_NAME = "$(TARGET_NAME)";
				SKIP_INSTALL = YES;
			};
			name = Debug;
		};
		C08F6F9319B8F8DC00BCEAB2 /* Release */ = {
			isa = XCBuildConfiguration;
			baseConfigurationReference = 4D231D6A5DC4467BB6867224 /* Pods.xcconfig */;
			buildSettings = {
				CLANG_ALLOW_NON_MODULAR_INCLUDES_IN_FRAMEWORK_MODULES = YES;
				CLANG_CXX_LANGUAGE_STANDARD = "compiler-default";
				DEFINES_MODULE = YES;
				DYLIB_COMPATIBILITY_VERSION = 1;
				DYLIB_CURRENT_VERSION = 1;
				DYLIB_INSTALL_NAME_BASE = "@rpath";
				GCC_C_LANGUAGE_STANDARD = "compiler-default";
				HEADER_SEARCH_PATHS = "$(inherited)";
				INFOPLIST_FILE = WhirlyGlobe/Info.plist;
				INSTALL_PATH = "$(LOCAL_LIBRARY_DIR)/Frameworks";
				LD_RUNPATH_SEARCH_PATHS = "$(inherited) @executable_path/Frameworks @loader_path/Frameworks";
				MODULE_NAME = WhirlyGlobe;
				OTHER_CFLAGS = "$(inherited)";
				OTHER_LDFLAGS = "$(inherited)";
				PRODUCT_NAME = "$(TARGET_NAME)";
				SKIP_INSTALL = YES;
			};
			name = Release;
		};
		C08F6F9519B8F8DC00BCEAB2 /* Debug */ = {
			isa = XCBuildConfiguration;
			buildSettings = {
				FRAMEWORK_SEARCH_PATHS = (
					"$(SDKROOT)/Developer/Library/Frameworks",
					"$(inherited)",
				);
				GCC_PREPROCESSOR_DEFINITIONS = (
					"DEBUG=1",
					"$(inherited)",
				);
				INFOPLIST_FILE = WhirlyGlobeTests/Info.plist;
				LD_RUNPATH_SEARCH_PATHS = "$(inherited) @executable_path/Frameworks @loader_path/Frameworks";
				PRODUCT_NAME = "$(TARGET_NAME)";
			};
			name = Debug;
		};
		C08F6F9619B8F8DC00BCEAB2 /* Release */ = {
			isa = XCBuildConfiguration;
			buildSettings = {
				FRAMEWORK_SEARCH_PATHS = (
					"$(SDKROOT)/Developer/Library/Frameworks",
					"$(inherited)",
				);
				INFOPLIST_FILE = WhirlyGlobeTests/Info.plist;
				LD_RUNPATH_SEARCH_PATHS = "$(inherited) @executable_path/Frameworks @loader_path/Frameworks";
				PRODUCT_NAME = "$(TARGET_NAME)";
			};
			name = Release;
		};
/* End XCBuildConfiguration section */

/* Begin XCConfigurationList section */
		C08F6F7819B8F8DC00BCEAB2 /* Build configuration list for PBXProject "WhirlyGlobe" */ = {
			isa = XCConfigurationList;
			buildConfigurations = (
				C08F6F8F19B8F8DC00BCEAB2 /* Debug */,
				C08F6F9019B8F8DC00BCEAB2 /* Release */,
			);
			defaultConfigurationIsVisible = 0;
			defaultConfigurationName = Release;
		};
		C08F6F9119B8F8DC00BCEAB2 /* Build configuration list for PBXNativeTarget "WhirlyGlobe" */ = {
			isa = XCConfigurationList;
			buildConfigurations = (
				C08F6F9219B8F8DC00BCEAB2 /* Debug */,
				C08F6F9319B8F8DC00BCEAB2 /* Release */,
			);
			defaultConfigurationIsVisible = 0;
			defaultConfigurationName = Release;
		};
		C08F6F9419B8F8DC00BCEAB2 /* Build configuration list for PBXNativeTarget "WhirlyGlobeTests" */ = {
			isa = XCConfigurationList;
			buildConfigurations = (
				C08F6F9519B8F8DC00BCEAB2 /* Debug */,
				C08F6F9619B8F8DC00BCEAB2 /* Release */,
			);
			defaultConfigurationIsVisible = 0;
			defaultConfigurationName = Release;
		};
/* End XCConfigurationList section */
	};
	rootObject = C08F6F7519B8F8DC00BCEAB2 /* Project object */;
}
